
Microsoft Visual Studio Solution File, Format Version 12.00
Project("{FAE04EC0-301F-11D3-BF4B-00C04F79EFBC}") = "Algorithm_of_Prims", "Algorithm_of_Prims\Algorithm_of_Prims.csproj", "{E8AD2055-C742-4994-ABCF-C7924336A68C}"
EndProject
Global
	GlobalSection(SolutionConfigurationPlatforms) = preSolution
		Debug|Any CPU = Debug|Any CPU
		Release|Any CPU = Release|Any CPU
	EndGlobalSection
	GlobalSection(ProjectConfigurationPlatforms) = postSolution
		{E8AD2055-C742-4994-ABCF-C7924336A68C}.Debug|Any CPU.ActiveCfg = Debug|Any CPU
		{E8AD2055-C742-4994-ABCF-C7924336A68C}.Debug|Any CPU.Build.0 = Debug|Any CPU
		{E8AD2055-C742-4994-ABCF-C7924336A68C}.Release|Any CPU.ActiveCfg = Release|Any CPU
		{E8AD2055-C742-4994-ABCF-C7924336A68C}.Release|Any CPU.Build.0 = Release|Any CPU
	EndGlobalSection
EndGlobal
